
Microsoft Visual Studio Solution File, Format Version 12.00
# Visual Studio Version 18
VisualStudioVersion = 18.3.11512.155
MinimumVisualStudioVersion = 10.0.40219.1
Project("{2150E333-8FDC-42A3-9474-1A3956D46DE8}") = "Solution Items", "Solution Items", "{CB17951C-F8B5-4EA8-8E3F-B42E5C733448}"
	ProjectSection(SolutionItems) = preProject
		README.md = README.md
	EndProjectSection
EndProject
Project("{FAE04EC0-301F-11D3-BF4B-00C04F79EFBC}") = "icao-images", "OFIQConsoleApp\icao-images.csproj", "{BDD6FEDB-6319-43FA-A879-E6BB6253F21E}"
EndProject
Project("{FAE04EC0-301F-11D3-BF4B-00C04F79EFBC}") = "OFIQConsoleApp.Tests", "OFIQConsoleApp.Tests\OFIQConsoleApp.Tests.csproj", "{FD83FF00-690E-4970-8CE6-7E205761B211}"
EndProject
Project("{FAE04EC0-301F-11D3-BF4B-00C04F79EFBC}") = "OFIQ.RestApi", "OFIQ.RestApi\OFIQ.RestApi.csproj", "{E62A794D-27C2-454C-918B-414D787DEA3F}"
EndProject
Project("{FAE04EC0-301F-11D3-BF4B-00C04F79EFBC}") = "OFIQ.RestApi.Tests", "OFIQ.RestApi.Tests\OFIQ.RestApi.Tests.csproj", "{F4C35D2F-7D57-4062-865D-BFA3F6FAD48F}"
EndProject
Project("{FAE04EC0-301F-11D3-BF4B-00C04F79EFBC}") = "icao", "icao\icao.csproj", "{6F50B3BA-5B84-4071-97E7-1111D428B467}"
EndProject
Project("{2150E333-8FDC-42A3-9474-1A3956D46DE8}") = "tests", "tests", "{D02A41EA-4A9E-4DCE-B9A4-351D89987992}"
EndProject
Global
	GlobalSection(SolutionConfigurationPlatforms) = preSolution
		Debug|Any CPU = Debug|Any CPU
		Debug|x64 = Debug|x64
		Debug|x86 = Debug|x86
		Release|Any CPU = Release|Any CPU
		Release|x64 = Release|x64
		Release|x86 = Release|x86
	EndGlobalSection
	GlobalSection(ProjectConfigurationPlatforms) = postSolution
		{BDD6FEDB-6319-43FA-A879-E6BB6253F21E}.Debug|Any CPU.ActiveCfg = Debug|Any CPU
		{BDD6FEDB-6319-43FA-A879-E6BB6253F21E}.Debug|Any CPU.Build.0 = Debug|Any CPU
		{BDD6FEDB-6319-43FA-A879-E6BB6253F21E}.Debug|x64.ActiveCfg = Debug|Any CPU
		{BDD6FEDB-6319-43FA-A879-E6BB6253F21E}.Debug|x64.Build.0 = Debug|Any CPU
		{BDD6FEDB-6319-43FA-A879-E6BB6253F21E}.Debug|x86.ActiveCfg = Debug|Any CPU
		{BDD6FEDB-6319-43FA-A879-E6BB6253F21E}.Debug|x86.Build.0 = Debug|Any CPU
		{BDD6FEDB-6319-43FA-A879-E6BB6253F21E}.Release|Any CPU.ActiveCfg = Release|Any CPU
		{BDD6FEDB-6319-43FA-A879-E6BB6253F21E}.Release|Any CPU.Build.0 = Release|Any CPU
		{BDD6FEDB-6319-43FA-A879-E6BB6253F21E}.Release|x64.ActiveCfg = Release|Any CPU
		{BDD6FEDB-6319-43FA-A879-E6BB6253F21E}.Release|x64.Build.0 = Release|Any CPU
		{BDD6FEDB-6319-43FA-A879-E6BB6253F21E}.Release|x86.ActiveCfg = Release|Any CPU
		{BDD6FEDB-6319-43FA-A879-E6BB6253F21E}.Release|x86.Build.0 = Release|Any CPU
		{FD83FF00-690E-4970-8CE6-7E205761B211}.Debug|Any CPU.ActiveCfg = Debug|Any CPU
		{FD83FF00-690E-4970-8CE6-7E205761B211}.Debug|Any CPU.Build.0 = Debug|Any CPU
		{FD83FF00-690E-4970-8CE6-7E205761B211}.Debug|x64.ActiveCfg = Debug|Any CPU
		{FD83FF00-690E-4970-8CE6-7E205761B211}.Debug|x64.Build.0 = Debug|Any CPU
		{FD83FF00-690E-4970-8CE6-7E205761B211}.Debug|x86.ActiveCfg = Debug|Any CPU
		{FD83FF00-690E-4970-8CE6-7E205761B211}.Debug|x86.Build.0 = Debug|Any CPU
		{FD83FF00-690E-4970-8CE6-7E205761B211}.Release|Any CPU.ActiveCfg = Release|Any CPU
		{FD83FF00-690E-4970-8CE6-7E205761B211}.Release|Any CPU.Build.0 = Release|Any CPU
		{FD83FF00-690E-4970-8CE6-7E205761B211}.Release|x64.ActiveCfg = Release|Any CPU
		{FD83FF00-690E-4970-8CE6-7E205761B211}.Release|x64.Build.0 = Release|Any CPU
		{FD83FF00-690E-4970-8CE6-7E205761B211}.Release|x86.ActiveCfg = Release|Any CPU
		{FD83FF00-690E-4970-8CE6-7E205761B211}.Release|x86.Build.0 = Release|Any CPU
		{E62A794D-27C2-454C-918B-414D787DEA3F}.Debug|Any CPU.ActiveCfg = Debug|Any CPU
		{E62A794D-27C2-454C-918B-414D787DEA3F}.Debug|Any CPU.Build.0 = Debug|Any CPU
		{E62A794D-27C2-454C-918B-414D787DEA3F}.Debug|x64.ActiveCfg = Debug|Any CPU
		{E62A794D-27C2-454C-918B-414D787DEA3F}.Debug|x64.Build.0 = Debug|Any CPU
		{E62A794D-27C2-454C-918B-414D787DEA3F}.Debug|x86.ActiveCfg = Debug|Any CPU
		{E62A794D-27C2-454C-918B-414D787DEA3F}.Debug|x86.Build.0 = Debug|Any CPU
		{E62A794D-27C2-454C-918B-414D787DEA3F}.Release|Any CPU.ActiveCfg = Release|Any CPU
		{E62A794D-27C2-454C-918B-414D787DEA3F}.Release|Any CPU.Build.0 = Release|Any CPU
		{E62A794D-27C2-454C-918B-414D787DEA3F}.Release|x64.ActiveCfg = Release|Any CPU
		{E62A794D-27C2-454C-918B-414D787DEA3F}.Release|x64.Build.0 = Release|Any CPU
		{E62A794D-27C2-454C-918B-414D787DEA3F}.Release|x86.ActiveCfg = Release|Any CPU
		{E62A794D-27C2-454C-918B-414D787DEA3F}.Release|x86.Build.0 = Release|Any CPU
		{F4C35D2F-7D57-4062-865D-BFA3F6FAD48F}.Debug|Any CPU.ActiveCfg = Debug|Any CPU
		{F4C35D2F-7D57-4062-865D-BFA3F6FAD48F}.Debug|Any CPU.Build.0 = Debug|Any CPU
		{F4C35D2F-7D57-4062-865D-BFA3F6FAD48F}.Debug|x64.ActiveCfg = Debug|Any CPU
		{F4C35D2F-7D57-4062-865D-BFA3F6FAD48F}.Debug|x64.Build.0 = Debug|Any CPU
		{F4C35D2F-7D57-4062-865D-BFA3F6FAD48F}.Debug|x86.ActiveCfg = Debug|Any CPU
		{F4C35D2F-7D57-4062-865D-BFA3F6FAD48F}.Debug|x86.Build.0 = Debug|Any CPU
		{F4C35D2F-7D57-4062-865D-BFA3F6FAD48F}.Release|Any CPU.ActiveCfg = Release|Any CPU
		{F4C35D2F-7D57-4062-865D-BFA3F6FAD48F}.Release|Any CPU.Build.0 = Release|Any CPU
		{F4C35D2F-7D57-4062-865D-BFA3F6FAD48F}.Release|x64.ActiveCfg = Release|Any CPU
		{F4C35D2F-7D57-4062-865D-BFA3F6FAD48F}.Release|x64.Build.0 = Release|Any CPU
		{F4C35D2F-7D57-4062-865D-BFA3F6FAD48F}.Release|x86.ActiveCfg = Release|Any CPU
		{F4C35D2F-7D57-4062-865D-BFA3F6FAD48F}.Release|x86.Build.0 = Release|Any CPU
		{6F50B3BA-5B84-4071-97E7-1111D428B467}.Debug|Any CPU.ActiveCfg = Debug|Any CPU
		{6F50B3BA-5B84-4071-97E7-1111D428B467}.Debug|Any CPU.Build.0 = Debug|Any CPU
		{6F50B3BA-5B84-4071-97E7-1111D428B467}.Debug|x64.ActiveCfg = Debug|Any CPU
		{6F50B3BA-5B84-4071-97E7-1111D428B467}.Debug|x64.Build.0 = Debug|Any CPU
		{6F50B3BA-5B84-4071-97E7-1111D428B467}.Debug|x86.ActiveCfg = Debug|Any CPU
		{6F50B3BA-5B84-4071-97E7-1111D428B467}.Debug|x86.Build.0 = Debug|Any CPU
		{6F50B3BA-5B84-4071-97E7-1111D428B467}.Release|Any CPU.ActiveCfg = Release|Any CPU
		{6F50B3BA-5B84-4071-97E7-1111D428B467}.Release|Any CPU.Build.0 = Release|Any CPU
		{6F50B3BA-5B84-4071-97E7-1111D428B467}.Release|x64.ActiveCfg = Release|Any CPU
		{6F50B3BA-5B84-4071-97E7-1111D428B467}.Release|x64.Build.0 = Release|Any CPU
		{6F50B3BA-5B84-4071-97E7-1111D428B467}.Release|x86.ActiveCfg = Release|Any CPU
		{6F50B3BA-5B84-4071-97E7-1111D428B467}.Release|x86.Build.0 = Release|Any CPU
	EndGlobalSection
	GlobalSection(SolutionProperties) = preSolution
		HideSolutionNode = FALSE
	EndGlobalSection
	GlobalSection(NestedProjects) = preSolution
		{FD83FF00-690E-4970-8CE6-7E205761B211} = {D02A41EA-4A9E-4DCE-B9A4-351D89987992}
		{F4C35D2F-7D57-4062-865D-BFA3F6FAD48F} = {D02A41EA-4A9E-4DCE-B9A4-351D89987992}
	EndGlobalSection
	GlobalSection(ExtensibilityGlobals) = postSolution
		SolutionGuid = {AFE22074-D6BD-4372-8E39-4FEBF24BFA20}
	EndGlobalSection
EndGlobal
