
Microsoft Visual Studio Solution File, Format Version 12.00
# Visual Studio Version 18
VisualStudioVersion = 18.3.11512.155
MinimumVisualStudioVersion = 10.0.40219.1
Project("{2150E333-8FDC-42A3-9474-1A3956D46DE8}") = "Solution Items", "Solution Items", "{CB17951C-F8B5-4EA8-8E3F-B42E5C733448}"
	ProjectSection(SolutionItems) = preProject
		README.md = README.md
	EndProjectSection
EndProject
Project("{2150E333-8FDC-42A3-9474-1A3956D46DE8}") = "OFIQConsoleApp", "OFIQConsoleApp", "{4BE2854E-7147-EF48-0A4F-CB507F8E767F}"
EndProject
Project("{FAE04EC0-301F-11D3-BF4B-00C04F79EFBC}") = "IKAO-Images", "OFIQConsoleApp\IKAO-Images.csproj", "{BDD6FEDB-6319-43FA-A879-E6BB6253F21E}"
EndProject
Project("{FAE04EC0-301F-11D3-BF4B-00C04F79EFBC}") = "OFIQConsoleApp.Tests", "OFIQConsoleApp.Tests\OFIQConsoleApp.Tests.csproj", "{FD83FF00-690E-4970-8CE6-7E205761B211}"
EndProject
Global
	GlobalSection(SolutionConfigurationPlatforms) = preSolution
		Debug|Any CPU = Debug|Any CPU
		Debug|x64 = Debug|x64
		Debug|x86 = Debug|x86
		Release|Any CPU = Release|Any CPU
		Release|x64 = Release|x64
		Release|x86 = Release|x86
	EndGlobalSection
	GlobalSection(ProjectConfigurationPlatforms) = postSolution
		{BDD6FEDB-6319-43FA-A879-E6BB6253F21E}.Debug|Any CPU.ActiveCfg = Debug|Any CPU
		{BDD6FEDB-6319-43FA-A879-E6BB6253F21E}.Debug|Any CPU.Build.0 = Debug|Any CPU
		{BDD6FEDB-6319-43FA-A879-E6BB6253F21E}.Debug|x64.ActiveCfg = Debug|Any CPU
		{BDD6FEDB-6319-43FA-A879-E6BB6253F21E}.Debug|x64.Build.0 = Debug|Any CPU
		{BDD6FEDB-6319-43FA-A879-E6BB6253F21E}.Debug|x86.ActiveCfg = Debug|Any CPU
		{BDD6FEDB-6319-43FA-A879-E6BB6253F21E}.Debug|x86.Build.0 = Debug|Any CPU
		{BDD6FEDB-6319-43FA-A879-E6BB6253F21E}.Release|Any CPU.ActiveCfg = Release|Any CPU
		{BDD6FEDB-6319-43FA-A879-E6BB6253F21E}.Release|Any CPU.Build.0 = Release|Any CPU
		{BDD6FEDB-6319-43FA-A879-E6BB6253F21E}.Release|x64.ActiveCfg = Release|Any CPU
		{BDD6FEDB-6319-43FA-A879-E6BB6253F21E}.Release|x64.Build.0 = Release|Any CPU
		{BDD6FEDB-6319-43FA-A879-E6BB6253F21E}.Release|x86.ActiveCfg = Release|Any CPU
		{BDD6FEDB-6319-43FA-A879-E6BB6253F21E}.Release|x86.Build.0 = Release|Any CPU
		{FD83FF00-690E-4970-8CE6-7E205761B211}.Debug|Any CPU.ActiveCfg = Debug|Any CPU
		{FD83FF00-690E-4970-8CE6-7E205761B211}.Debug|Any CPU.Build.0 = Debug|Any CPU
		{FD83FF00-690E-4970-8CE6-7E205761B211}.Debug|x64.ActiveCfg = Debug|Any CPU
		{FD83FF00-690E-4970-8CE6-7E205761B211}.Debug|x64.Build.0 = Debug|Any CPU
		{FD83FF00-690E-4970-8CE6-7E205761B211}.Debug|x86.ActiveCfg = Debug|Any CPU
		{FD83FF00-690E-4970-8CE6-7E205761B211}.Debug|x86.Build.0 = Debug|Any CPU
		{FD83FF00-690E-4970-8CE6-7E205761B211}.Release|Any CPU.ActiveCfg = Release|Any CPU
		{FD83FF00-690E-4970-8CE6-7E205761B211}.Release|Any CPU.Build.0 = Release|Any CPU
		{FD83FF00-690E-4970-8CE6-7E205761B211}.Release|x64.ActiveCfg = Release|Any CPU
		{FD83FF00-690E-4970-8CE6-7E205761B211}.Release|x64.Build.0 = Release|Any CPU
		{FD83FF00-690E-4970-8CE6-7E205761B211}.Release|x86.ActiveCfg = Release|Any CPU
		{FD83FF00-690E-4970-8CE6-7E205761B211}.Release|x86.Build.0 = Release|Any CPU
	EndGlobalSection
	GlobalSection(SolutionProperties) = preSolution
		HideSolutionNode = FALSE
	EndGlobalSection
	GlobalSection(NestedProjects) = preSolution
		{BDD6FEDB-6319-43FA-A879-E6BB6253F21E} = {4BE2854E-7147-EF48-0A4F-CB507F8E767F}
	EndGlobalSection
	GlobalSection(ExtensibilityGlobals) = postSolution
		SolutionGuid = {AFE22074-D6BD-4372-8E39-4FEBF24BFA20}
	EndGlobalSection
EndGlobal
